// !$*UTF8*$!
{
	archiveVersion = 1;
	classes = {
	};
	objectVersion = 55;
	objects = {

/* Begin PBXBuildFile section */
		F0C1A84328C91B1000F609C5 /* DeinDealApp.swift in Sources */ = {isa = PBXBuildFile; fileRef = F0C1A84228C91B1000F609C5 /* DeinDealApp.swift */; };
		F0C1A84528C91B1000F609C5 /* ContentView.swift in Sources */ = {isa = PBXBuildFile; fileRef = F0C1A84428C91B1000F609C5 /* ContentView.swift */; };
		F0C1A84728C91B1100F609C5 /* Assets.xcassets in Resources */ = {isa = PBXBuildFile; fileRef = F0C1A84628C91B1100F609C5 /* Assets.xcassets */; };
		F0C1A84A28C91B1100F609C5 /* Preview Assets.xcassets in Resources */ = {isa = PBXBuildFile; fileRef = F0C1A84928C91B1100F609C5 /* Preview Assets.xcassets */; };
		F0C1A85428C91B1100F609C5 /* DeinDealTests.swift in Sources */ = {isa = PBXBuildFile; fileRef = F0C1A85328C91B1100F609C5 /* DeinDealTests.swift */; };
		F0C1A85E28C91B1100F609C5 /* DeinDealUITests.swift in Sources */ = {isa = PBXBuildFile; fileRef = F0C1A85D28C91B1100F609C5 /* DeinDealUITests.swift */; };
		F0C1A86028C91B1100F609C5 /* DeinDealUITestsLaunchTests.swift in Sources */ = {isa = PBXBuildFile; fileRef = F0C1A85F28C91B1100F609C5 /* DeinDealUITestsLaunchTests.swift */; };
		F0C1A86E28C927B100F609C5 /* City.swift in Sources */ = {isa = PBXBuildFile; fileRef = F0C1A86D28C927B100F609C5 /* City.swift */; };
		F0C1A87028C928F700F609C5 /* Foods.swift in Sources */ = {isa = PBXBuildFile; fileRef = F0C1A86F28C928F700F609C5 /* Foods.swift */; };
		F0C1A87228C92B2100F609C5 /* Cities.swift in Sources */ = {isa = PBXBuildFile; fileRef = F0C1A87128C92B2100F609C5 /* Cities.swift */; };
		F0C1A87428C92B3800F609C5 /* CityChannelInfo.swift in Sources */ = {isa = PBXBuildFile; fileRef = F0C1A87328C92B3800F609C5 /* CityChannelInfo.swift */; };
		F0C1A87628C92B4C00F609C5 /* CityImages.swift in Sources */ = {isa = PBXBuildFile; fileRef = F0C1A87528C92B4C00F609C5 /* CityImages.swift */; };
		F0C1A87828C92B7300F609C5 /* FoodFacetCategories.swift in Sources */ = {isa = PBXBuildFile; fileRef = F0C1A87728C92B7300F609C5 /* FoodFacetCategories.swift */; };
		F0C1A87A28C92B8A00F609C5 /* FoodItem.swift in Sources */ = {isa = PBXBuildFile; fileRef = F0C1A87928C92B8A00F609C5 /* FoodItem.swift */; };
		F0C1A87C28C92BA200F609C5 /* FoodImage.swift in Sources */ = {isa = PBXBuildFile; fileRef = F0C1A87B28C92BA200F609C5 /* FoodImage.swift */; };
		F0C1A87F28C92C2600F609C5 /* HomeView.swift in Sources */ = {isa = PBXBuildFile; fileRef = F0C1A87E28C92C2600F609C5 /* HomeView.swift */; };
		F0C1A88128C92C9C00F609C5 /* AccountTabView.swift in Sources */ = {isa = PBXBuildFile; fileRef = F0C1A88028C92C9C00F609C5 /* AccountTabView.swift */; };
		F0C1A88328C92CA700F609C5 /* OrderTabView.swift in Sources */ = {isa = PBXBuildFile; fileRef = F0C1A88228C92CA700F609C5 /* OrderTabView.swift */; };
		F0C1A88528C92DAC00F609C5 /* CityListTabView.swift in Sources */ = {isa = PBXBuildFile; fileRef = F0C1A88428C92DAC00F609C5 /* CityListTabView.swift */; };
		F0C1A88728C92DCC00F609C5 /* CityDetailView.swift in Sources */ = {isa = PBXBuildFile; fileRef = F0C1A88628C92DCC00F609C5 /* CityDetailView.swift */; };
		F0C1A88A28C9320A00F609C5 /* RequestHelper.swift in Sources */ = {isa = PBXBuildFile; fileRef = F0C1A88928C9320A00F609C5 /* RequestHelper.swift */; };
		F0C1A88C28C9332600F609C5 /* RequestHelperTest.swift in Sources */ = {isa = PBXBuildFile; fileRef = F0C1A88B28C9332600F609C5 /* RequestHelperTest.swift */; };
/* End PBXBuildFile section */

/* Begin PBXContainerItemProxy section */
		F0C1A85028C91B1100F609C5 /* PBXContainerItemProxy */ = {
			isa = PBXContainerItemProxy;
			containerPortal = F0C1A83728C91B1000F609C5 /* Project object */;
			proxyType = 1;
			remoteGlobalIDString = F0C1A83E28C91B1000F609C5;
			remoteInfo = DeinDeal;
		};
		F0C1A85A28C91B1100F609C5 /* PBXContainerItemProxy */ = {
			isa = PBXContainerItemProxy;
			containerPortal = F0C1A83728C91B1000F609C5 /* Project object */;
			proxyType = 1;
			remoteGlobalIDString = F0C1A83E28C91B1000F609C5;
			remoteInfo = DeinDeal;
		};
/* End PBXContainerItemProxy section */

/* Begin PBXFileReference section */
		F0C1A83F28C91B1000F609C5 /* DeinDeal.app */ = {isa = PBXFileReference; explicitFileType = wrapper.application; includeInIndex = 0; path = DeinDeal.app; sourceTree = BUILT_PRODUCTS_DIR; };
		F0C1A84228C91B1000F609C5 /* DeinDealApp.swift */ = {isa = PBXFileReference; lastKnownFileType = sourcecode.swift; path = DeinDealApp.swift; sourceTree = "<group>"; };
		F0C1A84428C91B1000F609C5 /* ContentView.swift */ = {isa = PBXFileReference; lastKnownFileType = sourcecode.swift; path = ContentView.swift; sourceTree = "<group>"; };
		F0C1A84628C91B1100F609C5 /* Assets.xcassets */ = {isa = PBXFileReference; lastKnownFileType = folder.assetcatalog; path = Assets.xcassets; sourceTree = "<group>"; };
		F0C1A84928C91B1100F609C5 /* Preview Assets.xcassets */ = {isa = PBXFileReference; lastKnownFileType = folder.assetcatalog; path = "Preview Assets.xcassets"; sourceTree = "<group>"; };
		F0C1A84F28C91B1100F609C5 /* DeinDealTests.xctest */ = {isa = PBXFileReference; explicitFileType = wrapper.cfbundle; includeInIndex = 0; path = DeinDealTests.xctest; sourceTree = BUILT_PRODUCTS_DIR; };
		F0C1A85328C91B1100F609C5 /* DeinDealTests.swift */ = {isa = PBXFileReference; lastKnownFileType = sourcecode.swift; path = DeinDealTests.swift; sourceTree = "<group>"; };
		F0C1A85928C91B1100F609C5 /* DeinDealUITests.xctest */ = {isa = PBXFileReference; explicitFileType = wrapper.cfbundle; includeInIndex = 0; path = DeinDealUITests.xctest; sourceTree = BUILT_PRODUCTS_DIR; };
		F0C1A85D28C91B1100F609C5 /* DeinDealUITests.swift */ = {isa = PBXFileReference; lastKnownFileType = sourcecode.swift; path = DeinDealUITests.swift; sourceTree = "<group>"; };
		F0C1A85F28C91B1100F609C5 /* DeinDealUITestsLaunchTests.swift */ = {isa = PBXFileReference; lastKnownFileType = sourcecode.swift; path = DeinDealUITestsLaunchTests.swift; sourceTree = "<group>"; };
		F0C1A86D28C927B100F609C5 /* City.swift */ = {isa = PBXFileReference; lastKnownFileType = sourcecode.swift; path = City.swift; sourceTree = "<group>"; };
		F0C1A86F28C928F700F609C5 /* Foods.swift */ = {isa = PBXFileReference; lastKnownFileType = sourcecode.swift; path = Foods.swift; sourceTree = "<group>"; };
		F0C1A87128C92B2100F609C5 /* Cities.swift */ = {isa = PBXFileReference; lastKnownFileType = sourcecode.swift; path = Cities.swift; sourceTree = "<group>"; };
		F0C1A87328C92B3800F609C5 /* CityChannelInfo.swift */ = {isa = PBXFileReference; lastKnownFileType = sourcecode.swift; path = CityChannelInfo.swift; sourceTree = "<group>"; };
		F0C1A87528C92B4C00F609C5 /* CityImages.swift */ = {isa = PBXFileReference; lastKnownFileType = sourcecode.swift; path = CityImages.swift; sourceTree = "<group>"; };
		F0C1A87728C92B7300F609C5 /* FoodFacetCategories.swift */ = {isa = PBXFileReference; lastKnownFileType = sourcecode.swift; path = FoodFacetCategories.swift; sourceTree = "<group>"; };
		F0C1A87928C92B8A00F609C5 /* FoodItem.swift */ = {isa = PBXFileReference; lastKnownFileType = sourcecode.swift; path = FoodItem.swift; sourceTree = "<group>"; };
		F0C1A87B28C92BA200F609C5 /* FoodImage.swift */ = {isa = PBXFileReference; lastKnownFileType = sourcecode.swift; path = FoodImage.swift; sourceTree = "<group>"; };
		F0C1A87E28C92C2600F609C5 /* HomeView.swift */ = {isa = PBXFileReference; lastKnownFileType = sourcecode.swift; path = HomeView.swift; sourceTree = "<group>"; };
		F0C1A88028C92C9C00F609C5 /* AccountTabView.swift */ = {isa = PBXFileReference; lastKnownFileType = sourcecode.swift; path = AccountTabView.swift; sourceTree = "<group>"; };
		F0C1A88228C92CA700F609C5 /* OrderTabView.swift */ = {isa = PBXFileReference; lastKnownFileType = sourcecode.swift; path = OrderTabView.swift; sourceTree = "<group>"; };
		F0C1A88428C92DAC00F609C5 /* CityListTabView.swift */ = {isa = PBXFileReference; lastKnownFileType = sourcecode.swift; path = CityListTabView.swift; sourceTree = "<group>"; };
		F0C1A88628C92DCC00F609C5 /* CityDetailView.swift */ = {isa = PBXFileReference; lastKnownFileType = sourcecode.swift; path = CityDetailView.swift; sourceTree = "<group>"; };
		F0C1A88928C9320A00F609C5 /* RequestHelper.swift */ = {isa = PBXFileReference; lastKnownFileType = sourcecode.swift; path = RequestHelper.swift; sourceTree = "<group>"; };
		F0C1A88B28C9332600F609C5 /* RequestHelperTest.swift */ = {isa = PBXFileReference; lastKnownFileType = sourcecode.swift; path = RequestHelperTest.swift; sourceTree = "<group>"; };
		F0C1A88E28C934C100F609C5 /* Info.plist */ = {isa = PBXFileReference; lastKnownFileType = text.plist; path = Info.plist; sourceTree = "<group>"; };
		F0C1A88F28C935C500F609C5 /* Info.plist */ = {isa = PBXFileReference; lastKnownFileType = text.plist; path = Info.plist; sourceTree = "<group>"; };
/* End PBXFileReference section */

/* Begin PBXFrameworksBuildPhase section */
		F0C1A83C28C91B1000F609C5 /* Frameworks */ = {
			isa = PBXFrameworksBuildPhase;
			buildActionMask = 2147483647;
			files = (
			);
			runOnlyForDeploymentPostprocessing = 0;
		};
		F0C1A84C28C91B1100F609C5 /* Frameworks */ = {
			isa = PBXFrameworksBuildPhase;
			buildActionMask = 2147483647;
			files = (
			);
			runOnlyForDeploymentPostprocessing = 0;
		};
		F0C1A85628C91B1100F609C5 /* Frameworks */ = {
			isa = PBXFrameworksBuildPhase;
			buildActionMask = 2147483647;
			files = (
			);
			runOnlyForDeploymentPostprocessing = 0;
		};
/* End PBXFrameworksBuildPhase section */

/* Begin PBXGroup section */
		F0C1A83628C91B1000F609C5 = {
			isa = PBXGroup;
			children = (
				F0C1A84128C91B1000F609C5 /* DeinDeal */,
				F0C1A85228C91B1100F609C5 /* DeinDealTests */,
				F0C1A85C28C91B1100F609C5 /* DeinDealUITests */,
				F0C1A84028C91B1000F609C5 /* Products */,
			);
			sourceTree = "<group>";
		};
		F0C1A84028C91B1000F609C5 /* Products */ = {
			isa = PBXGroup;
			children = (
				F0C1A83F28C91B1000F609C5 /* DeinDeal.app */,
				F0C1A84F28C91B1100F609C5 /* DeinDealTests.xctest */,
				F0C1A85928C91B1100F609C5 /* DeinDealUITests.xctest */,
			);
			name = Products;
			sourceTree = "<group>";
		};
		F0C1A84128C91B1000F609C5 /* DeinDeal */ = {
			isa = PBXGroup;
			children = (
				F0C1A88F28C935C500F609C5 /* Info.plist */,
				F0C1A88828C931DC00F609C5 /* Helper */,
				F0C1A87D28C92BF200F609C5 /* View */,
				F0C1A86C28C9278F00F609C5 /* Model */,
				F0C1A84228C91B1000F609C5 /* DeinDealApp.swift */,
				F0C1A84428C91B1000F609C5 /* ContentView.swift */,
				F0C1A84628C91B1100F609C5 /* Assets.xcassets */,
				F0C1A84828C91B1100F609C5 /* Preview Content */,
			);
			path = DeinDeal;
			sourceTree = "<group>";
		};
		F0C1A84828C91B1100F609C5 /* Preview Content */ = {
			isa = PBXGroup;
			children = (
				F0C1A84928C91B1100F609C5 /* Preview Assets.xcassets */,
			);
			path = "Preview Content";
			sourceTree = "<group>";
		};
		F0C1A85228C91B1100F609C5 /* DeinDealTests */ = {
			isa = PBXGroup;
			children = (
				F0C1A88E28C934C100F609C5 /* Info.plist */,
				F0C1A85328C91B1100F609C5 /* DeinDealTests.swift */,
				F0C1A88B28C9332600F609C5 /* RequestHelperTest.swift */,
			);
			path = DeinDealTests;
			sourceTree = "<group>";
		};
		F0C1A85C28C91B1100F609C5 /* DeinDealUITests */ = {
			isa = PBXGroup;
			children = (
				F0C1A85D28C91B1100F609C5 /* DeinDealUITests.swift */,
				F0C1A85F28C91B1100F609C5 /* DeinDealUITestsLaunchTests.swift */,
			);
			path = DeinDealUITests;
			sourceTree = "<group>";
		};
		F0C1A86C28C9278F00F609C5 /* Model */ = {
			isa = PBXGroup;
			children = (
				F0C1A87128C92B2100F609C5 /* Cities.swift */,
				F0C1A86D28C927B100F609C5 /* City.swift */,
				F0C1A87328C92B3800F609C5 /* CityChannelInfo.swift */,
				F0C1A87528C92B4C00F609C5 /* CityImages.swift */,
				F0C1A87728C92B7300F609C5 /* FoodFacetCategories.swift */,
				F0C1A87B28C92BA200F609C5 /* FoodImage.swift */,
				F0C1A87928C92B8A00F609C5 /* FoodItem.swift */,
				F0C1A86F28C928F700F609C5 /* Foods.swift */,
			);
			path = Model;
			sourceTree = "<group>";
		};
		F0C1A87D28C92BF200F609C5 /* View */ = {
			isa = PBXGroup;
			children = (
				F0C1A88028C92C9C00F609C5 /* AccountTabView.swift */,
				F0C1A88628C92DCC00F609C5 /* CityDetailView.swift */,
				F0C1A88428C92DAC00F609C5 /* CityListTabView.swift */,
				F0C1A87E28C92C2600F609C5 /* HomeView.swift */,
				F0C1A88228C92CA700F609C5 /* OrderTabView.swift */,
			);
			path = View;
			sourceTree = "<group>";
		};
		F0C1A88828C931DC00F609C5 /* Helper */ = {
			isa = PBXGroup;
			children = (
				F0C1A88928C9320A00F609C5 /* RequestHelper.swift */,
			);
			path = Helper;
			sourceTree = "<group>";
		};
/* End PBXGroup section */

/* Begin PBXNativeTarget section */
		F0C1A83E28C91B1000F609C5 /* DeinDeal */ = {
			isa = PBXNativeTarget;
			buildConfigurationList = F0C1A86328C91B1100F609C5 /* Build configuration list for PBXNativeTarget "DeinDeal" */;
			buildPhases = (
				F0C1A83B28C91B1000F609C5 /* Sources */,
				F0C1A83C28C91B1000F609C5 /* Frameworks */,
				F0C1A83D28C91B1000F609C5 /* Resources */,
			);
			buildRules = (
			);
			dependencies = (
			);
			name = DeinDeal;
			productName = DeinDeal;
			productReference = F0C1A83F28C91B1000F609C5 /* DeinDeal.app */;
			productType = "com.apple.product-type.application";
		};
		F0C1A84E28C91B1100F609C5 /* DeinDealTests */ = {
			isa = PBXNativeTarget;
			buildConfigurationList = F0C1A86628C91B1100F609C5 /* Build configuration list for PBXNativeTarget "DeinDealTests" */;
			buildPhases = (
				F0C1A84B28C91B1100F609C5 /* Sources */,
				F0C1A84C28C91B1100F609C5 /* Frameworks */,
				F0C1A84D28C91B1100F609C5 /* Resources */,
			);
			buildRules = (
			);
			dependencies = (
				F0C1A85128C91B1100F609C5 /* PBXTargetDependency */,
			);
			name = DeinDealTests;
			productName = DeinDealTests;
			productReference = F0C1A84F28C91B1100F609C5 /* DeinDealTests.xctest */;
			productType = "com.apple.product-type.bundle.unit-test";
		};
		F0C1A85828C91B1100F609C5 /* DeinDealUITests */ = {
			isa = PBXNativeTarget;
			buildConfigurationList = F0C1A86928C91B1100F609C5 /* Build configuration list for PBXNativeTarget "DeinDealUITests" */;
			buildPhases = (
				F0C1A85528C91B1100F609C5 /* Sources */,
				F0C1A85628C91B1100F609C5 /* Frameworks */,
				F0C1A85728C91B1100F609C5 /* Resources */,
			);
			buildRules = (
			);
			dependencies = (
				F0C1A85B28C91B1100F609C5 /* PBXTargetDependency */,
			);
			name = DeinDealUITests;
			productName = DeinDealUITests;
			productReference = F0C1A85928C91B1100F609C5 /* DeinDealUITests.xctest */;
			productType = "com.apple.product-type.bundle.ui-testing";
		};
/* End PBXNativeTarget section */

/* Begin PBXProject section */
		F0C1A83728C91B1000F609C5 /* Project object */ = {
			isa = PBXProject;
			attributes = {
				BuildIndependentTargetsInParallel = 1;
				LastSwiftUpdateCheck = 1340;
				LastUpgradeCheck = 1340;
				TargetAttributes = {
					F0C1A83E28C91B1000F609C5 = {
						CreatedOnToolsVersion = 13.4;
					};
					F0C1A84E28C91B1100F609C5 = {
						CreatedOnToolsVersion = 13.4;
						TestTargetID = F0C1A83E28C91B1000F609C5;
					};
					F0C1A85828C91B1100F609C5 = {
						CreatedOnToolsVersion = 13.4;
						TestTargetID = F0C1A83E28C91B1000F609C5;
					};
				};
			};
			buildConfigurationList = F0C1A83A28C91B1000F609C5 /* Build configuration list for PBXProject "DeinDeal" */;
			compatibilityVersion = "Xcode 13.0";
			developmentRegion = en;
			hasScannedForEncodings = 0;
			knownRegions = (
				en,
				Base,
			);
			mainGroup = F0C1A83628C91B1000F609C5;
			productRefGroup = F0C1A84028C91B1000F609C5 /* Products */;
			projectDirPath = "";
			projectRoot = "";
			targets = (
				F0C1A83E28C91B1000F609C5 /* DeinDeal */,
				F0C1A84E28C91B1100F609C5 /* DeinDealTests */,
				F0C1A85828C91B1100F609C5 /* DeinDealUITests */,
			);
		};
/* End PBXProject section */

/* Begin PBXResourcesBuildPhase section */
		F0C1A83D28C91B1000F609C5 /* Resources */ = {
			isa = PBXResourcesBuildPhase;
			buildActionMask = 2147483647;
			files = (
				F0C1A84A28C91B1100F609C5 /* Preview Assets.xcassets in Resources */,
				F0C1A84728C91B1100F609C5 /* Assets.xcassets in Resources */,
			);
			runOnlyForDeploymentPostprocessing = 0;
		};
		F0C1A84D28C91B1100F609C5 /* Resources */ = {
			isa = PBXResourcesBuildPhase;
			buildActionMask = 2147483647;
			files = (
			);
			runOnlyForDeploymentPostprocessing = 0;
		};
		F0C1A85728C91B1100F609C5 /* Resources */ = {
			isa = PBXResourcesBuildPhase;
			buildActionMask = 2147483647;
			files = (
			);
			runOnlyForDeploymentPostprocessing = 0;
		};
/* End PBXResourcesBuildPhase section */

/* Begin PBXSourcesBuildPhase section */
		F0C1A83B28C91B1000F609C5 /* Sources */ = {
			isa = PBXSourcesBuildPhase;
			buildActionMask = 2147483647;
			files = (
				F0C1A84528C91B1000F609C5 /* ContentView.swift in Sources */,
				F0C1A88528C92DAC00F609C5 /* CityListTabView.swift in Sources */,
				F0C1A87228C92B2100F609C5 /* Cities.swift in Sources */,
				F0C1A88328C92CA700F609C5 /* OrderTabView.swift in Sources */,
				F0C1A88728C92DCC00F609C5 /* CityDetailView.swift in Sources */,
				F0C1A88128C92C9C00F609C5 /* AccountTabView.swift in Sources */,
				F0C1A87028C928F700F609C5 /* Foods.swift in Sources */,
				F0C1A88A28C9320A00F609C5 /* RequestHelper.swift in Sources */,
				F0C1A84328C91B1000F609C5 /* DeinDealApp.swift in Sources */,
				F0C1A87A28C92B8A00F609C5 /* FoodItem.swift in Sources */,
				F0C1A87F28C92C2600F609C5 /* HomeView.swift in Sources */,
				F0C1A87428C92B3800F609C5 /* CityChannelInfo.swift in Sources */,
				F0C1A87828C92B7300F609C5 /* FoodFacetCategories.swift in Sources */,
				F0C1A87C28C92BA200F609C5 /* FoodImage.swift in Sources */,
				F0C1A87628C92B4C00F609C5 /* CityImages.swift in Sources */,
				F0C1A86E28C927B100F609C5 /* City.swift in Sources */,
			);
			runOnlyForDeploymentPostprocessing = 0;
		};
		F0C1A84B28C91B1100F609C5 /* Sources */ = {
			isa = PBXSourcesBuildPhase;
			buildActionMask = 2147483647;
			files = (
				F0C1A85428C91B1100F609C5 /* DeinDealTests.swift in Sources */,
				F0C1A88C28C9332600F609C5 /* RequestHelperTest.swift in Sources */,
			);
			runOnlyForDeploymentPostprocessing = 0;
		};
		F0C1A85528C91B1100F609C5 /* Sources */ = {
			isa = PBXSourcesBuildPhase;
			buildActionMask = 2147483647;
			files = (
				F0C1A86028C91B1100F609C5 /* DeinDealUITestsLaunchTests.swift in Sources */,
				F0C1A85E28C91B1100F609C5 /* DeinDealUITests.swift in Sources */,
			);
			runOnlyForDeploymentPostprocessing = 0;
		};
/* End PBXSourcesBuildPhase section */

/* Begin PBXTargetDependency section */
		F0C1A85128C91B1100F609C5 /* PBXTargetDependency */ = {
			isa = PBXTargetDependency;
			target = F0C1A83E28C91B1000F609C5 /* DeinDeal */;
			targetProxy = F0C1A85028C91B1100F609C5 /* PBXContainerItemProxy */;
		};
		F0C1A85B28C91B1100F609C5 /* PBXTargetDependency */ = {
			isa = PBXTargetDependency;
			target = F0C1A83E28C91B1000F609C5 /* DeinDeal */;
			targetProxy = F0C1A85A28C91B1100F609C5 /* PBXContainerItemProxy */;
		};
/* End PBXTargetDependency section */

/* Begin XCBuildConfiguration section */
		F0C1A86128C91B1100F609C5 /* Debug */ = {
			isa = XCBuildConfiguration;
			buildSettings = {
				ALWAYS_SEARCH_USER_PATHS = NO;
				CLANG_ANALYZER_NONNULL = YES;
				CLANG_ANALYZER_NUMBER_OBJECT_CONVERSION = YES_AGGRESSIVE;
				CLANG_CXX_LANGUAGE_STANDARD = "gnu++17";
				CLANG_ENABLE_MODULES = YES;
				CLANG_ENABLE_OBJC_ARC = YES;
				CLANG_ENABLE_OBJC_WEAK = YES;
				CLANG_WARN_BLOCK_CAPTURE_AUTORELEASING = YES;
				CLANG_WARN_BOOL_CONVERSION = YES;
				CLANG_WARN_COMMA = YES;
				CLANG_WARN_CONSTANT_CONVERSION = YES;
				CLANG_WARN_DEPRECATED_OBJC_IMPLEMENTATIONS = YES;
				CLANG_WARN_DIRECT_OBJC_ISA_USAGE = YES_ERROR;
				CLANG_WARN_DOCUMENTATION_COMMENTS = YES;
				CLANG_WARN_EMPTY_BODY = YES;
				CLANG_WARN_ENUM_CONVERSION = YES;
				CLANG_WARN_INFINITE_RECURSION = YES;
				CLANG_WARN_INT_CONVERSION = YES;
				CLANG_WARN_NON_LITERAL_NULL_CONVERSION = YES;
				CLANG_WARN_OBJC_IMPLICIT_RETAIN_SELF = YES;
				CLANG_WARN_OBJC_LITERAL_CONVERSION = YES;
				CLANG_WARN_OBJC_ROOT_CLASS = YES_ERROR;
				CLANG_WARN_QUOTED_INCLUDE_IN_FRAMEWORK_HEADER = YES;
				CLANG_WARN_RANGE_LOOP_ANALYSIS = YES;
				CLANG_WARN_STRICT_PROTOTYPES = YES;
				CLANG_WARN_SUSPICIOUS_MOVE = YES;
				CLANG_WARN_UNGUARDED_AVAILABILITY = YES_AGGRESSIVE;
				CLANG_WARN_UNREACHABLE_CODE = YES;
				CLANG_WARN__DUPLICATE_METHOD_MATCH = YES;
				COPY_PHASE_STRIP = NO;
				DEBUG_INFORMATION_FORMAT = dwarf;
				ENABLE_STRICT_OBJC_MSGSEND = YES;
				ENABLE_TESTABILITY = YES;
				GCC_C_LANGUAGE_STANDARD = gnu11;
				GCC_DYNAMIC_NO_PIC = NO;
				GCC_NO_COMMON_BLOCKS = YES;
				GCC_OPTIMIZATION_LEVEL = 0;
				GCC_PREPROCESSOR_DEFINITIONS = (
					"DEBUG=1",
					"$(inherited)",
				);
				GCC_WARN_64_TO_32_BIT_CONVERSION = YES;
				GCC_WARN_ABOUT_RETURN_TYPE = YES_ERROR;
				GCC_WARN_UNDECLARED_SELECTOR = YES;
				GCC_WARN_UNINITIALIZED_AUTOS = YES_AGGRESSIVE;
				GCC_WARN_UNUSED_FUNCTION = YES;
				GCC_WARN_UNUSED_VARIABLE = YES;
				IPHONEOS_DEPLOYMENT_TARGET = 15.5;
				MTL_ENABLE_DEBUG_INFO = INCLUDE_SOURCE;
				MTL_FAST_MATH = YES;
				ONLY_ACTIVE_ARCH = YES;
				SDKROOT = iphoneos;
				SWIFT_ACTIVE_COMPILATION_CONDITIONS = DEBUG;
				SWIFT_OPTIMIZATION_LEVEL = "-Onone";
			};
			name = Debug;
		};
		F0C1A86228C91B1100F609C5 /* Release */ = {
			isa = XCBuildConfiguration;
			buildSettings = {
				ALWAYS_SEARCH_USER_PATHS = NO;
				CLANG_ANALYZER_NONNULL = YES;
				CLANG_ANALYZER_NUMBER_OBJECT_CONVERSION = YES_AGGRESSIVE;
				CLANG_CXX_LANGUAGE_STANDARD = "gnu++17";
				CLANG_ENABLE_MODULES = YES;
				CLANG_ENABLE_OBJC_ARC = YES;
				CLANG_ENABLE_OBJC_WEAK = YES;
				CLANG_WARN_BLOCK_CAPTURE_AUTORELEASING = YES;
				CLANG_WARN_BOOL_CONVERSION = YES;
				CLANG_WARN_COMMA = YES;
				CLANG_WARN_CONSTANT_CONVERSION = YES;
				CLANG_WARN_DEPRECATED_OBJC_IMPLEMENTATIONS = YES;
				CLANG_WARN_DIRECT_OBJC_ISA_USAGE = YES_ERROR;
				CLANG_WARN_DOCUMENTATION_COMMENTS = YES;
				CLANG_WARN_EMPTY_BODY = YES;
				CLANG_WARN_ENUM_CONVERSION = YES;
				CLANG_WARN_INFINITE_RECURSION = YES;
				CLANG_WARN_INT_CONVERSION = YES;
				CLANG_WARN_NON_LITERAL_NULL_CONVERSION = YES;
				CLANG_WARN_OBJC_IMPLICIT_RETAIN_SELF = YES;
				CLANG_WARN_OBJC_LITERAL_CONVERSION = YES;
				CLANG_WARN_OBJC_ROOT_CLASS = YES_ERROR;
				CLANG_WARN_QUOTED_INCLUDE_IN_FRAMEWORK_HEADER = YES;
				CLANG_WARN_RANGE_LOOP_ANALYSIS = YES;
				CLANG_WARN_STRICT_PROTOTYPES = YES;
				CLANG_WARN_SUSPICIOUS_MOVE = YES;
				CLANG_WARN_UNGUARDED_AVAILABILITY = YES_AGGRESSIVE;
				CLANG_WARN_UNREACHABLE_CODE = YES;
				CLANG_WARN__DUPLICATE_METHOD_MATCH = YES;
				COPY_PHASE_STRIP = NO;
				DEBUG_INFORMATION_FORMAT = "dwarf-with-dsym";
				ENABLE_NS_ASSERTIONS = NO;
				ENABLE_STRICT_OBJC_MSGSEND = YES;
				GCC_C_LANGUAGE_STANDARD = gnu11;
				GCC_NO_COMMON_BLOCKS = YES;
				GCC_WARN_64_TO_32_BIT_CONVERSION = YES;
				GCC_WARN_ABOUT_RETURN_TYPE = YES_ERROR;
				GCC_WARN_UNDECLARED_SELECTOR = YES;
				GCC_WARN_UNINITIALIZED_AUTOS = YES_AGGRESSIVE;
				GCC_WARN_UNUSED_FUNCTION = YES;
				GCC_WARN_UNUSED_VARIABLE = YES;
				IPHONEOS_DEPLOYMENT_TARGET = 15.5;
				MTL_ENABLE_DEBUG_INFO = NO;
				MTL_FAST_MATH = YES;
				SDKROOT = iphoneos;
				SWIFT_COMPILATION_MODE = wholemodule;
				SWIFT_OPTIMIZATION_LEVEL = "-O";
				VALIDATE_PRODUCT = YES;
			};
			name = Release;
		};
		F0C1A86428C91B1100F609C5 /* Debug */ = {
			isa = XCBuildConfiguration;
			buildSettings = {
				ASSETCATALOG_COMPILER_APPICON_NAME = AppIcon;
				ASSETCATALOG_COMPILER_GLOBAL_ACCENT_COLOR_NAME = AccentColor;
				CODE_SIGN_STYLE = Automatic;
				CURRENT_PROJECT_VERSION = 1;
				DEVELOPMENT_ASSET_PATHS = "\"DeinDeal/Preview Content\"";
				DEVELOPMENT_TEAM = TG5M9A8L6P;
				ENABLE_PREVIEWS = YES;
				GENERATE_INFOPLIST_FILE = YES;
				INFOPLIST_FILE = DeinDeal/Info.plist;
				INFOPLIST_KEY_UIApplicationSceneManifest_Generation = YES;
				INFOPLIST_KEY_UIApplicationSupportsIndirectInputEvents = YES;
				INFOPLIST_KEY_UILaunchScreen_Generation = YES;
				INFOPLIST_KEY_UISupportedInterfaceOrientations_iPad = "UIInterfaceOrientationPortrait UIInterfaceOrientationPortraitUpsideDown UIInterfaceOrientationLandscapeLeft UIInterfaceOrientationLandscapeRight";
				INFOPLIST_KEY_UISupportedInterfaceOrientations_iPhone = "UIInterfaceOrientationPortrait UIInterfaceOrientationLandscapeLeft UIInterfaceOrientationLandscapeRight";
				LD_RUNPATH_SEARCH_PATHS = (
					"$(inherited)",
					"@executable_path/Frameworks",
				);
				MARKETING_VERSION = 1.0;
				PRODUCT_BUNDLE_IDENTIFIER = com.perso.DeinDeal;
				PRODUCT_NAME = "$(TARGET_NAME)";
				SWIFT_EMIT_LOC_STRINGS = YES;
				SWIFT_VERSION = 5.0;
				TARGETED_DEVICE_FAMILY = "1,2";
			};
			name = Debug;
		};
		F0C1A86528C91B1100F609C5 /* Release */ = {
			isa = XCBuildConfiguration;
			buildSettings = {
				ASSETCATALOG_COMPILER_APPICON_NAME = AppIcon;
				ASSETCATALOG_COMPILER_GLOBAL_ACCENT_COLOR_NAME = AccentColor;
				CODE_SIGN_STYLE = Automatic;
				CURRENT_PROJECT_VERSION = 1;
				DEVELOPMENT_ASSET_PATHS = "\"DeinDeal/Preview Content\"";
				DEVELOPMENT_TEAM = TG5M9A8L6P;
				ENABLE_PREVIEWS = YES;
				GENERATE_INFOPLIST_FILE = YES;
				INFOPLIST_FILE = DeinDeal/Info.plist;
				INFOPLIST_KEY_UIApplicationSceneManifest_Generation = YES;
				INFOPLIST_KEY_UIApplicationSupportsIndirectInputEvents = YES;
				INFOPLIST_KEY_UILaunchScreen_Generation = YES;
				INFOPLIST_KEY_UISupportedInterfaceOrientations_iPad = "UIInterfaceOrientationPortrait UIInterfaceOrientationPortraitUpsideDown UIInterfaceOrientationLandscapeLeft UIInterfaceOrientationLandscapeRight";
				INFOPLIST_KEY_UISupportedInterfaceOrientations_iPhone = "UIInterfaceOrientationPortrait UIInterfaceOrientationLandscapeLeft UIInterfaceOrientationLandscapeRight";
				LD_RUNPATH_SEARCH_PATHS = (
					"$(inherited)",
					"@executable_path/Frameworks",
				);
				MARKETING_VERSION = 1.0;
				PRODUCT_BUNDLE_IDENTIFIER = com.perso.DeinDeal;
				PRODUCT_NAME = "$(TARGET_NAME)";
				SWIFT_EMIT_LOC_STRINGS = YES;
				SWIFT_VERSION = 5.0;
				TARGETED_DEVICE_FAMILY = "1,2";
			};
			name = Release;
		};
		F0C1A86728C91B1100F609C5 /* Debug */ = {
			isa = XCBuildConfiguration;
			buildSettings = {
				ALWAYS_EMBED_SWIFT_STANDARD_LIBRARIES = YES;
				BUNDLE_LOADER = "$(TEST_HOST)";
				CODE_SIGN_STYLE = Automatic;
				CURRENT_PROJECT_VERSION = 1;
				DEVELOPMENT_TEAM = TG5M9A8L6P;
				GENERATE_INFOPLIST_FILE = YES;
				INFOPLIST_FILE = DeinDealTests/Info.plist;
				INFOPLIST_KEY_LSApplicationCategoryType = "";
				IPHONEOS_DEPLOYMENT_TARGET = 15.5;
				MARKETING_VERSION = 1.0;
				PRODUCT_BUNDLE_IDENTIFIER = com.perso.DeinDealTests;
				PRODUCT_NAME = "$(TARGET_NAME)";
				SWIFT_EMIT_LOC_STRINGS = NO;
				SWIFT_VERSION = 5.0;
				TARGETED_DEVICE_FAMILY = "1,2";
				TEST_HOST = "$(BUILT_PRODUCTS_DIR)/DeinDeal.app/DeinDeal";
			};
			name = Debug;
		};
		F0C1A86828C91B1100F609C5 /* Release */ = {
			isa = XCBuildConfiguration;
			buildSettings = {
				ALWAYS_EMBED_SWIFT_STANDARD_LIBRARIES = YES;
				BUNDLE_LOADER = "$(TEST_HOST)";
				CODE_SIGN_STYLE = Automatic;
				CURRENT_PROJECT_VERSION = 1;
				DEVELOPMENT_TEAM = TG5M9A8L6P;
				GENERATE_INFOPLIST_FILE = YES;
				INFOPLIST_FILE = DeinDealTests/Info.plist;
				INFOPLIST_KEY_LSApplicationCategoryType = "";
				IPHONEOS_DEPLOYMENT_TARGET = 15.5;
				MARKETING_VERSION = 1.0;
				PRODUCT_BUNDLE_IDENTIFIER = com.perso.DeinDealTests;
				PRODUCT_NAME = "$(TARGET_NAME)";
				SWIFT_EMIT_LOC_STRINGS = NO;
				SWIFT_VERSION = 5.0;
				TARGETED_DEVICE_FAMILY = "1,2";
				TEST_HOST = "$(BUILT_PRODUCTS_DIR)/DeinDeal.app/DeinDeal";
			};
			name = Release;
		};
		F0C1A86A28C91B1100F609C5 /* Debug */ = {
			isa = XCBuildConfiguration;
			buildSettings = {
				ALWAYS_EMBED_SWIFT_STANDARD_LIBRARIES = YES;
				CODE_SIGN_STYLE = Automatic;
				CURRENT_PROJECT_VERSION = 1;
				DEVELOPMENT_TEAM = TG5M9A8L6P;
				GENERATE_INFOPLIST_FILE = YES;
				MARKETING_VERSION = 1.0;
				PRODUCT_BUNDLE_IDENTIFIER = com.perso.DeinDealUITests;
				PRODUCT_NAME = "$(TARGET_NAME)";
				SWIFT_EMIT_LOC_STRINGS = NO;
				SWIFT_VERSION = 5.0;
				TARGETED_DEVICE_FAMILY = "1,2";
				TEST_TARGET_NAME = DeinDeal;
			};
			name = Debug;
		};
		F0C1A86B28C91B1100F609C5 /* Release */ = {
			isa = XCBuildConfiguration;
			buildSettings = {
				ALWAYS_EMBED_SWIFT_STANDARD_LIBRARIES = YES;
				CODE_SIGN_STYLE = Automatic;
				CURRENT_PROJECT_VERSION = 1;
				DEVELOPMENT_TEAM = TG5M9A8L6P;
				GENERATE_INFOPLIST_FILE = YES;
				MARKETING_VERSION = 1.0;
				PRODUCT_BUNDLE_IDENTIFIER = com.perso.DeinDealUITests;
				PRODUCT_NAME = "$(TARGET_NAME)";
				SWIFT_EMIT_LOC_STRINGS = NO;
				SWIFT_VERSION = 5.0;
				TARGETED_DEVICE_FAMILY = "1,2";
				TEST_TARGET_NAME = DeinDeal;
			};
			name = Release;
		};
/* End XCBuildConfiguration section */

/* Begin XCConfigurationList section */
		F0C1A83A28C91B1000F609C5 /* Build configuration list for PBXProject "DeinDeal" */ = {
			isa = XCConfigurationList;
			buildConfigurations = (
				F0C1A86128C91B1100F609C5 /* Debug */,
				F0C1A86228C91B1100F609C5 /* Release */,
			);
			defaultConfigurationIsVisible = 0;
			defaultConfigurationName = Release;
		};
		F0C1A86328C91B1100F609C5 /* Build configuration list for PBXNativeTarget "DeinDeal" */ = {
			isa = XCConfigurationList;
			buildConfigurations = (
				F0C1A86428C91B1100F609C5 /* Debug */,
				F0C1A86528C91B1100F609C5 /* Release */,
			);
			defaultConfigurationIsVisible = 0;
			defaultConfigurationName = Release;
		};
		F0C1A86628C91B1100F609C5 /* Build configuration list for PBXNativeTarget "DeinDealTests" */ = {
			isa = XCConfigurationList;
			buildConfigurations = (
				F0C1A86728C91B1100F609C5 /* Debug */,
				F0C1A86828C91B1100F609C5 /* Release */,
			);
			defaultConfigurationIsVisible = 0;
			defaultConfigurationName = Release;
		};
		F0C1A86928C91B1100F609C5 /* Build configuration list for PBXNativeTarget "DeinDealUITests" */ = {
			isa = XCConfigurationList;
			buildConfigurations = (
				F0C1A86A28C91B1100F609C5 /* Debug */,
				F0C1A86B28C91B1100F609C5 /* Release */,
			);
			defaultConfigurationIsVisible = 0;
			defaultConfigurationName = Release;
		};
/* End XCConfigurationList section */
	};
	rootObject = F0C1A83728C91B1000F609C5 /* Project object */;
}
